
Microsoft Visual Studio Solution File, Format Version 12.00
# Visual Studio Version 17
VisualStudioVersion = 17.8.34330.188
MinimumVisualStudioVersion = 10.0.40219.1
Project("{9A19103F-16F7-4668-BE54-9A1E7A4F7556}") = "BookManagement_HuyBuiHuaXuan", "BookManagement_HuyBuiHuaXuan\BookManagement_HuyBuiHuaXuan.csproj", "{064C933D-F852-4080-B29B-CFE34692C02D}"
EndProject
Project("{9A19103F-16F7-4668-BE54-9A1E7A4F7556}") = "Repositories", "Repositories\Repositories.csproj", "{1CECF74D-59CB-4549-9500-4F06EB1FF038}"
EndProject
Project("{9A19103F-16F7-4668-BE54-9A1E7A4F7556}") = "Services", "Services\Services.csproj", "{3F15F6DB-0447-49FD-8B20-FB70A6B08942}"
EndProject
Project("{FAE04EC0-301F-11D3-BF4B-00C04F79EFBC}") = "TestManager", "TestManager\TestManager.csproj", "{6859A9B1-3C35-4787-B0D4-078938AC1CCD}"
EndProject
Global
	GlobalSection(SolutionConfigurationPlatforms) = preSolution
		Debug|Any CPU = Debug|Any CPU
		Release|Any CPU = Release|Any CPU
	EndGlobalSection
	GlobalSection(ProjectConfigurationPlatforms) = postSolution
		{064C933D-F852-4080-B29B-CFE34692C02D}.Debug|Any CPU.ActiveCfg = Debug|Any CPU
		{064C933D-F852-4080-B29B-CFE34692C02D}.Debug|Any CPU.Build.0 = Debug|Any CPU
		{064C933D-F852-4080-B29B-CFE34692C02D}.Release|Any CPU.ActiveCfg = Release|Any CPU
		{064C933D-F852-4080-B29B-CFE34692C02D}.Release|Any CPU.Build.0 = Release|Any CPU
		{1CECF74D-59CB-4549-9500-4F06EB1FF038}.Debug|Any CPU.ActiveCfg = Debug|Any CPU
		{1CECF74D-59CB-4549-9500-4F06EB1FF038}.Debug|Any CPU.Build.0 = Debug|Any CPU
		{1CECF74D-59CB-4549-9500-4F06EB1FF038}.Release|Any CPU.ActiveCfg = Release|Any CPU
		{1CECF74D-59CB-4549-9500-4F06EB1FF038}.Release|Any CPU.Build.0 = Release|Any CPU
		{3F15F6DB-0447-49FD-8B20-FB70A6B08942}.Debug|Any CPU.ActiveCfg = Debug|Any CPU
		{3F15F6DB-0447-49FD-8B20-FB70A6B08942}.Debug|Any CPU.Build.0 = Debug|Any CPU
		{3F15F6DB-0447-49FD-8B20-FB70A6B08942}.Release|Any CPU.ActiveCfg = Release|Any CPU
		{3F15F6DB-0447-49FD-8B20-FB70A6B08942}.Release|Any CPU.Build.0 = Release|Any CPU
		{6859A9B1-3C35-4787-B0D4-078938AC1CCD}.Debug|Any CPU.ActiveCfg = Debug|Any CPU
		{6859A9B1-3C35-4787-B0D4-078938AC1CCD}.Debug|Any CPU.Build.0 = Debug|Any CPU
		{6859A9B1-3C35-4787-B0D4-078938AC1CCD}.Release|Any CPU.ActiveCfg = Release|Any CPU
		{6859A9B1-3C35-4787-B0D4-078938AC1CCD}.Release|Any CPU.Build.0 = Release|Any CPU
	EndGlobalSection
	GlobalSection(SolutionProperties) = preSolution
		HideSolutionNode = FALSE
	EndGlobalSection
	GlobalSection(ExtensibilityGlobals) = postSolution
		SolutionGuid = {08A8B253-3F6A-4FF4-8C48-1FBD1438349D}
	EndGlobalSection
EndGlobal
